
Microsoft Visual Studio Solution File, Format Version 12.00
# Visual Studio 15
Project("{FAE04EC0-301F-11D3-BF4B-00C04F79EFBC}") = "UnityEngine.TestRunner", "UnityEngine.TestRunner.csproj", "{4A50ACAE-3D62-3D0C-AA54-40100E627B93}"
EndProject
Project("{FAE04EC0-301F-11D3-BF4B-00C04F79EFBC}") = "UnityEngine.UI", "UnityEngine.UI.csproj", "{EF4FCEB1-9510-2D04-9EB6-DE29E76371C1}"
EndProject
Project("{FAE04EC0-301F-11D3-BF4B-00C04F79EFBC}") = "Assembly-CSharp", "Assembly-CSharp.csproj", "{2771DA72-5423-50F1-A193-63885626A46F}"
EndProject
Project("{FAE04EC0-301F-11D3-BF4B-00C04F79EFBC}") = "Unity.Timeline", "Unity.Timeline.csproj", "{A69DB0FB-11DD-8966-6FFD-761003E47157}"
EndProject
Project("{FAE04EC0-301F-11D3-BF4B-00C04F79EFBC}") = "Unity.TextMeshPro", "Unity.TextMeshPro.csproj", "{AE1929CB-328F-A7C1-28E4-51C4EF875D05}"
EndProject
Project("{FAE04EC0-301F-11D3-BF4B-00C04F79EFBC}") = "Unity.Timeline.Editor", "Unity.Timeline.Editor.csproj", "{B16C8F35-7410-E6E7-37E8-029F686232BA}"
EndProject
Project("{FAE04EC0-301F-11D3-BF4B-00C04F79EFBC}") = "UnityEditor.TestRunner", "UnityEditor.TestRunner.csproj", "{0636154C-686F-AC84-3AF1-97206E8F329B}"
EndProject
Project("{FAE04EC0-301F-11D3-BF4B-00C04F79EFBC}") = "UnityEditor.UI", "UnityEditor.UI.csproj", "{CECD0A8D-2732-68B4-B3E3-8DDB26007398}"
EndProject
Project("{FAE04EC0-301F-11D3-BF4B-00C04F79EFBC}") = "Unity.VisualStudio.Editor", "Unity.VisualStudio.Editor.csproj", "{AF42E25B-6735-2D97-16C2-7996CD5B15E0}"
EndProject
Project("{FAE04EC0-301F-11D3-BF4B-00C04F79EFBC}") = "Unity.TextMeshPro.Editor", "Unity.TextMeshPro.Editor.csproj", "{44E36A0E-3337-5C6E-CB15-2BDED0967E78}"
EndProject
Project("{FAE04EC0-301F-11D3-BF4B-00C04F79EFBC}") = "Unity.CollabProxy.Editor", "Unity.CollabProxy.Editor.csproj", "{CF282510-51F7-D1CA-ED92-6F614501415A}"
EndProject
Project("{FAE04EC0-301F-11D3-BF4B-00C04F79EFBC}") = "Assembly-CSharp-Editor", "Assembly-CSharp-Editor.csproj", "{7A8A6229-2D10-2012-99BE-A29732C1EEA3}"
EndProject
Project("{FAE04EC0-301F-11D3-BF4B-00C04F79EFBC}") = "Unity.VSCode.Editor", "Unity.VSCode.Editor.csproj", "{324C5573-0E00-ACD6-27D5-9A2395DF6312}"
EndProject
Project("{FAE04EC0-301F-11D3-BF4B-00C04F79EFBC}") = "Unity.Rider.Editor", "Unity.Rider.Editor.csproj", "{F899195D-4AA1-E33B-CF5B-784EEFB2CF4F}"
EndProject
Project("{FAE04EC0-301F-11D3-BF4B-00C04F79EFBC}") = "UnityEngine.TestRunner", "UnityEngine.TestRunner.Player.csproj", "{C7F68AA4-13DB-3030-056F-224BDE80100A}"
EndProject
Project("{FAE04EC0-301F-11D3-BF4B-00C04F79EFBC}") = "UnityEngine.UI", "UnityEngine.UI.Player.csproj", "{04F91D01-2F7F-52A0-F0BA-8DB705493089}"
EndProject
Project("{FAE04EC0-301F-11D3-BF4B-00C04F79EFBC}") = "Assembly-CSharp", "Assembly-CSharp.Player.csproj", "{24DFDA6E-0E90-E78F-627B-34A2F9B3799C}"
EndProject
Project("{FAE04EC0-301F-11D3-BF4B-00C04F79EFBC}") = "Unity.Timeline", "Unity.Timeline.Player.csproj", "{D94423BA-EFAA-03F9-B5B5-C8B82D3E15AD}"
EndProject
Project("{FAE04EC0-301F-11D3-BF4B-00C04F79EFBC}") = "Unity.TextMeshPro", "Unity.TextMeshPro.Player.csproj", "{A752863B-2C06-9903-037B-C65E0F3C7690}"
EndProject
Global
	GlobalSection(SolutionConfigurationPlatforms) = preSolution
		Debug|Any CPU = Debug|Any CPU
		Release|Any CPU = Release|Any CPU
	EndGlobalSection
	GlobalSection(ProjectConfigurationPlatforms) = postSolution
		{4A50ACAE-3D62-3D0C-AA54-40100E627B93}.Debug|Any CPU.ActiveCfg = Debug|Any CPU
		{4A50ACAE-3D62-3D0C-AA54-40100E627B93}.Debug|Any CPU.Build.0 = Debug|Any CPU
		{4A50ACAE-3D62-3D0C-AA54-40100E627B93}.Release|Any CPU.ActiveCfg = Release|Any CPU
		{4A50ACAE-3D62-3D0C-AA54-40100E627B93}.Release|Any CPU.Build.0 = Release|Any CPU
		{EF4FCEB1-9510-2D04-9EB6-DE29E76371C1}.Debug|Any CPU.ActiveCfg = Debug|Any CPU
		{EF4FCEB1-9510-2D04-9EB6-DE29E76371C1}.Debug|Any CPU.Build.0 = Debug|Any CPU
		{EF4FCEB1-9510-2D04-9EB6-DE29E76371C1}.Release|Any CPU.ActiveCfg = Release|Any CPU
		{EF4FCEB1-9510-2D04-9EB6-DE29E76371C1}.Release|Any CPU.Build.0 = Release|Any CPU
		{2771DA72-5423-50F1-A193-63885626A46F}.Debug|Any CPU.ActiveCfg = Debug|Any CPU
		{2771DA72-5423-50F1-A193-63885626A46F}.Debug|Any CPU.Build.0 = Debug|Any CPU
		{2771DA72-5423-50F1-A193-63885626A46F}.Release|Any CPU.ActiveCfg = Release|Any CPU
		{2771DA72-5423-50F1-A193-63885626A46F}.Release|Any CPU.Build.0 = Release|Any CPU
		{A69DB0FB-11DD-8966-6FFD-761003E47157}.Debug|Any CPU.ActiveCfg = Debug|Any CPU
		{A69DB0FB-11DD-8966-6FFD-761003E47157}.Debug|Any CPU.Build.0 = Debug|Any CPU
		{A69DB0FB-11DD-8966-6FFD-761003E47157}.Release|Any CPU.ActiveCfg = Release|Any CPU
		{A69DB0FB-11DD-8966-6FFD-761003E47157}.Release|Any CPU.Build.0 = Release|Any CPU
		{AE1929CB-328F-A7C1-28E4-51C4EF875D05}.Debug|Any CPU.ActiveCfg = Debug|Any CPU
		{AE1929CB-328F-A7C1-28E4-51C4EF875D05}.Debug|Any CPU.Build.0 = Debug|Any CPU
		{AE1929CB-328F-A7C1-28E4-51C4EF875D05}.Release|Any CPU.ActiveCfg = Release|Any CPU
		{AE1929CB-328F-A7C1-28E4-51C4EF875D05}.Release|Any CPU.Build.0 = Release|Any CPU
		{B16C8F35-7410-E6E7-37E8-029F686232BA}.Debug|Any CPU.ActiveCfg = Debug|Any CPU
		{B16C8F35-7410-E6E7-37E8-029F686232BA}.Debug|Any CPU.Build.0 = Debug|Any CPU
		{B16C8F35-7410-E6E7-37E8-029F686232BA}.Release|Any CPU.ActiveCfg = Release|Any CPU
		{B16C8F35-7410-E6E7-37E8-029F686232BA}.Release|Any CPU.Build.0 = Release|Any CPU
		{0636154C-686F-AC84-3AF1-97206E8F329B}.Debug|Any CPU.ActiveCfg = Debug|Any CPU
		{0636154C-686F-AC84-3AF1-97206E8F329B}.Debug|Any CPU.Build.0 = Debug|Any CPU
		{0636154C-686F-AC84-3AF1-97206E8F329B}.Release|Any CPU.ActiveCfg = Release|Any CPU
		{0636154C-686F-AC84-3AF1-97206E8F329B}.Release|Any CPU.Build.0 = Release|Any CPU
		{CECD0A8D-2732-68B4-B3E3-8DDB26007398}.Debug|Any CPU.ActiveCfg = Debug|Any CPU
		{CECD0A8D-2732-68B4-B3E3-8DDB26007398}.Debug|Any CPU.Build.0 = Debug|Any CPU
		{CECD0A8D-2732-68B4-B3E3-8DDB26007398}.Release|Any CPU.ActiveCfg = Release|Any CPU
		{CECD0A8D-2732-68B4-B3E3-8DDB26007398}.Release|Any CPU.Build.0 = Release|Any CPU
		{AF42E25B-6735-2D97-16C2-7996CD5B15E0}.Debug|Any CPU.ActiveCfg = Debug|Any CPU
		{AF42E25B-6735-2D97-16C2-7996CD5B15E0}.Debug|Any CPU.Build.0 = Debug|Any CPU
		{AF42E25B-6735-2D97-16C2-7996CD5B15E0}.Release|Any CPU.ActiveCfg = Release|Any CPU
		{AF42E25B-6735-2D97-16C2-7996CD5B15E0}.Release|Any CPU.Build.0 = Release|Any CPU
		{44E36A0E-3337-5C6E-CB15-2BDED0967E78}.Debug|Any CPU.ActiveCfg = Debug|Any CPU
		{44E36A0E-3337-5C6E-CB15-2BDED0967E78}.Debug|Any CPU.Build.0 = Debug|Any CPU
		{44E36A0E-3337-5C6E-CB15-2BDED0967E78}.Release|Any CPU.ActiveCfg = Release|Any CPU
		{44E36A0E-3337-5C6E-CB15-2BDED0967E78}.Release|Any CPU.Build.0 = Release|Any CPU
		{CF282510-51F7-D1CA-ED92-6F614501415A}.Debug|Any CPU.ActiveCfg = Debug|Any CPU
		{CF282510-51F7-D1CA-ED92-6F614501415A}.Debug|Any CPU.Build.0 = Debug|Any CPU
		{CF282510-51F7-D1CA-ED92-6F614501415A}.Release|Any CPU.ActiveCfg = Release|Any CPU
		{CF282510-51F7-D1CA-ED92-6F614501415A}.Release|Any CPU.Build.0 = Release|Any CPU
		{7A8A6229-2D10-2012-99BE-A29732C1EEA3}.Debug|Any CPU.ActiveCfg = Debug|Any CPU
		{7A8A6229-2D10-2012-99BE-A29732C1EEA3}.Debug|Any CPU.Build.0 = Debug|Any CPU
		{7A8A6229-2D10-2012-99BE-A29732C1EEA3}.Release|Any CPU.ActiveCfg = Release|Any CPU
		{7A8A6229-2D10-2012-99BE-A29732C1EEA3}.Release|Any CPU.Build.0 = Release|Any CPU
		{324C5573-0E00-ACD6-27D5-9A2395DF6312}.Debug|Any CPU.ActiveCfg = Debug|Any CPU
		{324C5573-0E00-ACD6-27D5-9A2395DF6312}.Debug|Any CPU.Build.0 = Debug|Any CPU
		{324C5573-0E00-ACD6-27D5-9A2395DF6312}.Release|Any CPU.ActiveCfg = Release|Any CPU
		{324C5573-0E00-ACD6-27D5-9A2395DF6312}.Release|Any CPU.Build.0 = Release|Any CPU
		{F899195D-4AA1-E33B-CF5B-784EEFB2CF4F}.Debug|Any CPU.ActiveCfg = Debug|Any CPU
		{F899195D-4AA1-E33B-CF5B-784EEFB2CF4F}.Debug|Any CPU.Build.0 = Debug|Any CPU
		{F899195D-4AA1-E33B-CF5B-784EEFB2CF4F}.Release|Any CPU.ActiveCfg = Release|Any CPU
		{F899195D-4AA1-E33B-CF5B-784EEFB2CF4F}.Release|Any CPU.Build.0 = Release|Any CPU
		{C7F68AA4-13DB-3030-056F-224BDE80100A}.Debug|Any CPU.ActiveCfg = Debug|Any CPU
		{C7F68AA4-13DB-3030-056F-224BDE80100A}.Debug|Any CPU.Build.0 = Debug|Any CPU
		{C7F68AA4-13DB-3030-056F-224BDE80100A}.Release|Any CPU.ActiveCfg = Release|Any CPU
		{C7F68AA4-13DB-3030-056F-224BDE80100A}.Release|Any CPU.Build.0 = Release|Any CPU
		{04F91D01-2F7F-52A0-F0BA-8DB705493089}.Debug|Any CPU.ActiveCfg = Debug|Any CPU
		{04F91D01-2F7F-52A0-F0BA-8DB705493089}.Debug|Any CPU.Build.0 = Debug|Any CPU
		{04F91D01-2F7F-52A0-F0BA-8DB705493089}.Release|Any CPU.ActiveCfg = Release|Any CPU
		{04F91D01-2F7F-52A0-F0BA-8DB705493089}.Release|Any CPU.Build.0 = Release|Any CPU
		{24DFDA6E-0E90-E78F-627B-34A2F9B3799C}.Debug|Any CPU.ActiveCfg = Debug|Any CPU
		{24DFDA6E-0E90-E78F-627B-34A2F9B3799C}.Debug|Any CPU.Build.0 = Debug|Any CPU
		{24DFDA6E-0E90-E78F-627B-34A2F9B3799C}.Release|Any CPU.ActiveCfg = Release|Any CPU
		{24DFDA6E-0E90-E78F-627B-34A2F9B3799C}.Release|Any CPU.Build.0 = Release|Any CPU
		{D94423BA-EFAA-03F9-B5B5-C8B82D3E15AD}.Debug|Any CPU.ActiveCfg = Debug|Any CPU
		{D94423BA-EFAA-03F9-B5B5-C8B82D3E15AD}.Debug|Any CPU.Build.0 = Debug|Any CPU
		{D94423BA-EFAA-03F9-B5B5-C8B82D3E15AD}.Release|Any CPU.ActiveCfg = Release|Any CPU
		{D94423BA-EFAA-03F9-B5B5-C8B82D3E15AD}.Release|Any CPU.Build.0 = Release|Any CPU
		{A752863B-2C06-9903-037B-C65E0F3C7690}.Debug|Any CPU.ActiveCfg = Debug|Any CPU
		{A752863B-2C06-9903-037B-C65E0F3C7690}.Debug|Any CPU.Build.0 = Debug|Any CPU
		{A752863B-2C06-9903-037B-C65E0F3C7690}.Release|Any CPU.ActiveCfg = Release|Any CPU
		{A752863B-2C06-9903-037B-C65E0F3C7690}.Release|Any CPU.Build.0 = Release|Any CPU
	EndGlobalSection
	GlobalSection(SolutionProperties) = preSolution
		HideSolutionNode = FALSE
	EndGlobalSection
EndGlobal
